
Microsoft Visual Studio Solution File, Format Version 12.00
# Visual Studio Version 17
VisualStudioVersion = 17.5.33627.172
MinimumVisualStudioVersion = 10.0.40219.1
Project("{FAE04EC0-301F-11D3-BF4B-00C04F79EFBC}") = "Warriors", "Warriors\Warriors.csproj", "{3719134F-73CF-41D3-8FA3-D66F134AF984}"
EndProject
Global
	GlobalSection(SolutionConfigurationPlatforms) = preSolution
		Debug|Any CPU = Debug|Any CPU
		Release|Any CPU = Release|Any CPU
	EndGlobalSection
	GlobalSection(ProjectConfigurationPlatforms) = postSolution
		{3719134F-73CF-41D3-8FA3-D66F134AF984}.Debug|Any CPU.ActiveCfg = Debug|Any CPU
		{3719134F-73CF-41D3-8FA3-D66F134AF984}.Debug|Any CPU.Build.0 = Debug|Any CPU
		{3719134F-73CF-41D3-8FA3-D66F134AF984}.Release|Any CPU.ActiveCfg = Release|Any CPU
		{3719134F-73CF-41D3-8FA3-D66F134AF984}.Release|Any CPU.Build.0 = Release|Any CPU
	EndGlobalSection
	GlobalSection(SolutionProperties) = preSolution
		HideSolutionNode = FALSE
	EndGlobalSection
	GlobalSection(ExtensibilityGlobals) = postSolution
		SolutionGuid = {CFBDF4D7-7DE6-4962-B9D9-267893527594}
	EndGlobalSection
EndGlobal
